// !$*UTF8*$!
{
	archiveVersion = 1;
	classes = {
	};
	objectVersion = 51;
	objects = {

/* Begin PBXBuildFile section */
		4456C7FF22DB664300334D30 /* AllMovieViewController.swift in Sources */ = {isa = PBXBuildFile; fileRef = 4456C7FE22DB664300334D30 /* AllMovieViewController.swift */; };
		4456C80122DB665200334D30 /* AllMovieViewModel.swift in Sources */ = {isa = PBXBuildFile; fileRef = 4456C80022DB665200334D30 /* AllMovieViewModel.swift */; };
		4456C80322DB666600334D30 /* AllMovieViewController.storyboard in Resources */ = {isa = PBXBuildFile; fileRef = 4456C80222DB666600334D30 /* AllMovieViewController.storyboard */; };
		4456C80722DB6ADE00334D30 /* MovieViewModelCoordinator.swift in Sources */ = {isa = PBXBuildFile; fileRef = 4456C80622DB6ADE00334D30 /* MovieViewModelCoordinator.swift */; };
		4456C80922DB6E1700334D30 /* StartViewModel.swift in Sources */ = {isa = PBXBuildFile; fileRef = 4456C80822DB6E1700334D30 /* StartViewModel.swift */; };
		4456C80B22DB6EF600334D30 /* MainCoordinator.swift in Sources */ = {isa = PBXBuildFile; fileRef = 4456C80A22DB6EF600334D30 /* MainCoordinator.swift */; };
		445D7DEE22DE0E09007FD491 /* NavigationHelpers.swift in Sources */ = {isa = PBXBuildFile; fileRef = 445D7DED22DE0E09007FD491 /* NavigationHelpers.swift */; };
		445D7DF222DE1817007FD491 /* MainCoordinatorSpec.swift in Sources */ = {isa = PBXBuildFile; fileRef = 445D7DF122DE1817007FD491 /* MainCoordinatorSpec.swift */; };
		446A4A1B22DF6AC5003D7D3E /* SelectedMovieViewController.swift in Sources */ = {isa = PBXBuildFile; fileRef = 446A4A1A22DF6AC5003D7D3E /* SelectedMovieViewController.swift */; };
		446A4A1D22DF6AD2003D7D3E /* SelectedMovieViewModel.swift in Sources */ = {isa = PBXBuildFile; fileRef = 446A4A1C22DF6AD2003D7D3E /* SelectedMovieViewModel.swift */; };
		446A4A1F22DF6ADC003D7D3E /* SelectedMovieViewController.storyboard in Resources */ = {isa = PBXBuildFile; fileRef = 446A4A1E22DF6ADC003D7D3E /* SelectedMovieViewController.storyboard */; };
		446A4A2122DF7848003D7D3E /* MovieTarget.swift in Sources */ = {isa = PBXBuildFile; fileRef = 446A4A2022DF7848003D7D3E /* MovieTarget.swift */; };
		446A4A2522DF802D003D7D3E /* MovieService.swift in Sources */ = {isa = PBXBuildFile; fileRef = 446A4A2422DF802C003D7D3E /* MovieService.swift */; };
		446A4A2A22E0CB26003D7D3E /* StartViewControllerSpec.swift in Sources */ = {isa = PBXBuildFile; fileRef = 446A4A2922E0CB26003D7D3E /* StartViewControllerSpec.swift */; };
		446A4A2D22E0D60C003D7D3E /* MovieListModel.swift in Sources */ = {isa = PBXBuildFile; fileRef = 446A4A2C22E0D60C003D7D3E /* MovieListModel.swift */; };
		446A4A2F22E0E5B4003D7D3E /* MovieTableViewCell.swift in Sources */ = {isa = PBXBuildFile; fileRef = 446A4A2E22E0E5B4003D7D3E /* MovieTableViewCell.swift */; };
		446A4A3322E0E611003D7D3E /* MovieTableViewCellSpec.swift in Sources */ = {isa = PBXBuildFile; fileRef = 446A4A3222E0E611003D7D3E /* MovieTableViewCellSpec.swift */; };
		446A4A3522E0F096003D7D3E /* MovieTableViewCell.xib in Resources */ = {isa = PBXBuildFile; fileRef = 446A4A3422E0E82F003D7D3E /* MovieTableViewCell.xib */; };
		446A4A3722E206AD003D7D3E /* StartViewModelSpec.swift in Sources */ = {isa = PBXBuildFile; fileRef = 446A4A3622E206AD003D7D3E /* StartViewModelSpec.swift */; };
		446A4A3A22E207CC003D7D3E /* FakeMoyaProvider.swift in Sources */ = {isa = PBXBuildFile; fileRef = 446A4A3922E207CC003D7D3E /* FakeMoyaProvider.swift */; };
		446A4A3D22E20D07003D7D3E /* MovieList.json in Resources */ = {isa = PBXBuildFile; fileRef = 446A4A3C22E20D07003D7D3E /* MovieList.json */; };
		446A4A3F22E20D5E003D7D3E /* ResponseLoaded.swift in Sources */ = {isa = PBXBuildFile; fileRef = 446A4A3E22E20D5E003D7D3E /* ResponseLoaded.swift */; };
		446A4A4122E20F21003D7D3E /* AllMovieViewModelSpec.swift in Sources */ = {isa = PBXBuildFile; fileRef = 446A4A4022E20F21003D7D3E /* AllMovieViewModelSpec.swift */; };
		44F81FEB22DB25E500A85F94 /* AppDelegate.swift in Sources */ = {isa = PBXBuildFile; fileRef = 44F81FEA22DB25E500A85F94 /* AppDelegate.swift */; };
		44F81FED22DB25E500A85F94 /* StartViewController.swift in Sources */ = {isa = PBXBuildFile; fileRef = 44F81FEC22DB25E500A85F94 /* StartViewController.swift */; };
		44F81FF022DB25E500A85F94 /* StartViewController.storyboard in Resources */ = {isa = PBXBuildFile; fileRef = 44F81FEE22DB25E500A85F94 /* StartViewController.storyboard */; };
		44F81FF222DB25E600A85F94 /* Assets.xcassets in Resources */ = {isa = PBXBuildFile; fileRef = 44F81FF122DB25E600A85F94 /* Assets.xcassets */; };
		44F81FF522DB25E600A85F94 /* LaunchScreen.storyboard in Resources */ = {isa = PBXBuildFile; fileRef = 44F81FF322DB25E600A85F94 /* LaunchScreen.storyboard */; };
		44F8200022DB25E700A85F94 /* MovieViewModelCoordinatorSpec.swift in Sources */ = {isa = PBXBuildFile; fileRef = 44F81FFF22DB25E700A85F94 /* MovieViewModelCoordinatorSpec.swift */; };
		44F8200B22DB25E700A85F94 /* MoviebuffUITests.swift in Sources */ = {isa = PBXBuildFile; fileRef = 44F8200A22DB25E700A85F94 /* MoviebuffUITests.swift */; };
		B93B0A54200FDEE06FAB9F71 /* Pods_MoviebuffTests.framework in Frameworks */ = {isa = PBXBuildFile; fileRef = 7C52D3238A2EFC41ECEC00E2 /* Pods_MoviebuffTests.framework */; };
		BD1405896D0C8ED52A7103BC /* Pods_MoviebuffUITests.framework in Frameworks */ = {isa = PBXBuildFile; fileRef = 03C4857B693E89772AD6640F /* Pods_MoviebuffUITests.framework */; };
		F2C4C84EBE5F48D7D813C3CE /* Pods_Moviebuff.framework in Frameworks */ = {isa = PBXBuildFile; fileRef = 7E3F69A706812B2147959FA1 /* Pods_Moviebuff.framework */; };
/* End PBXBuildFile section */

/* Begin PBXContainerItemProxy section */
		44F81FFC22DB25E700A85F94 /* PBXContainerItemProxy */ = {
			isa = PBXContainerItemProxy;
			containerPortal = 44F81FDF22DB25E500A85F94 /* Project object */;
			proxyType = 1;
			remoteGlobalIDString = 44F81FE622DB25E500A85F94;
			remoteInfo = Moviebuff;
		};
		44F8200722DB25E700A85F94 /* PBXContainerItemProxy */ = {
			isa = PBXContainerItemProxy;
			containerPortal = 44F81FDF22DB25E500A85F94 /* Project object */;
			proxyType = 1;
			remoteGlobalIDString = 44F81FE622DB25E500A85F94;
			remoteInfo = Moviebuff;
		};
/* End PBXContainerItemProxy section */

/* Begin PBXFileReference section */
		03C4857B693E89772AD6640F /* Pods_MoviebuffUITests.framework */ = {isa = PBXFileReference; explicitFileType = wrapper.framework; includeInIndex = 0; path = Pods_MoviebuffUITests.framework; sourceTree = BUILT_PRODUCTS_DIR; };
		04957C2F99E8B22EDE025D68 /* Pods-MoviebuffTests.release.xcconfig */ = {isa = PBXFileReference; includeInIndex = 1; lastKnownFileType = text.xcconfig; name = "Pods-MoviebuffTests.release.xcconfig"; path = "Pods/Target Support Files/Pods-MoviebuffTests/Pods-MoviebuffTests.release.xcconfig"; sourceTree = "<group>"; };
		080A22A7880108593D486AEE /* Pods-MoviebuffUITests.debug.xcconfig */ = {isa = PBXFileReference; includeInIndex = 1; lastKnownFileType = text.xcconfig; name = "Pods-MoviebuffUITests.debug.xcconfig"; path = "Pods/Target Support Files/Pods-MoviebuffUITests/Pods-MoviebuffUITests.debug.xcconfig"; sourceTree = "<group>"; };
		4456C7FE22DB664300334D30 /* AllMovieViewController.swift */ = {isa = PBXFileReference; lastKnownFileType = sourcecode.swift; path = AllMovieViewController.swift; sourceTree = "<group>"; };
		4456C80022DB665200334D30 /* AllMovieViewModel.swift */ = {isa = PBXFileReference; lastKnownFileType = sourcecode.swift; path = AllMovieViewModel.swift; sourceTree = "<group>"; };
		4456C80222DB666600334D30 /* AllMovieViewController.storyboard */ = {isa = PBXFileReference; lastKnownFileType = file.storyboard; path = AllMovieViewController.storyboard; sourceTree = "<group>"; };
		4456C80622DB6ADE00334D30 /* MovieViewModelCoordinator.swift */ = {isa = PBXFileReference; lastKnownFileType = sourcecode.swift; path = MovieViewModelCoordinator.swift; sourceTree = "<group>"; };
		4456C80822DB6E1700334D30 /* StartViewModel.swift */ = {isa = PBXFileReference; lastKnownFileType = sourcecode.swift; path = StartViewModel.swift; sourceTree = "<group>"; };
		4456C80A22DB6EF600334D30 /* MainCoordinator.swift */ = {isa = PBXFileReference; lastKnownFileType = sourcecode.swift; path = MainCoordinator.swift; sourceTree = "<group>"; };
		445D7DED22DE0E09007FD491 /* NavigationHelpers.swift */ = {isa = PBXFileReference; fileEncoding = 4; lastKnownFileType = sourcecode.swift; path = NavigationHelpers.swift; sourceTree = "<group>"; };
		445D7DF122DE1817007FD491 /* MainCoordinatorSpec.swift */ = {isa = PBXFileReference; lastKnownFileType = sourcecode.swift; path = MainCoordinatorSpec.swift; sourceTree = "<group>"; };
		446A4A1A22DF6AC5003D7D3E /* SelectedMovieViewController.swift */ = {isa = PBXFileReference; lastKnownFileType = sourcecode.swift; path = SelectedMovieViewController.swift; sourceTree = "<group>"; };
		446A4A1C22DF6AD2003D7D3E /* SelectedMovieViewModel.swift */ = {isa = PBXFileReference; lastKnownFileType = sourcecode.swift; path = SelectedMovieViewModel.swift; sourceTree = "<group>"; };
		446A4A1E22DF6ADC003D7D3E /* SelectedMovieViewController.storyboard */ = {isa = PBXFileReference; lastKnownFileType = file.storyboard; path = SelectedMovieViewController.storyboard; sourceTree = "<group>"; };
		446A4A2022DF7848003D7D3E /* MovieTarget.swift */ = {isa = PBXFileReference; lastKnownFileType = sourcecode.swift; path = MovieTarget.swift; sourceTree = "<group>"; };
		446A4A2422DF802C003D7D3E /* MovieService.swift */ = {isa = PBXFileReference; lastKnownFileType = sourcecode.swift; path = MovieService.swift; sourceTree = "<group>"; };
		446A4A2922E0CB26003D7D3E /* StartViewControllerSpec.swift */ = {isa = PBXFileReference; lastKnownFileType = sourcecode.swift; path = StartViewControllerSpec.swift; sourceTree = "<group>"; };
		446A4A2C22E0D60C003D7D3E /* MovieListModel.swift */ = {isa = PBXFileReference; lastKnownFileType = sourcecode.swift; path = MovieListModel.swift; sourceTree = "<group>"; };
		446A4A2E22E0E5B4003D7D3E /* MovieTableViewCell.swift */ = {isa = PBXFileReference; lastKnownFileType = sourcecode.swift; path = MovieTableViewCell.swift; sourceTree = "<group>"; };
		446A4A3222E0E611003D7D3E /* MovieTableViewCellSpec.swift */ = {isa = PBXFileReference; lastKnownFileType = sourcecode.swift; path = MovieTableViewCellSpec.swift; sourceTree = "<group>"; };
		446A4A3422E0E82F003D7D3E /* MovieTableViewCell.xib */ = {isa = PBXFileReference; lastKnownFileType = file.xib; name = MovieTableViewCell.xib; path = /Users/dushyantsingh/workspace/moviebuff/Moviebuff/Moviebuff/MovieList/MovieTableViewCell.xib; sourceTree = "<absolute>"; };
		446A4A3622E206AD003D7D3E /* StartViewModelSpec.swift */ = {isa = PBXFileReference; lastKnownFileType = sourcecode.swift; path = StartViewModelSpec.swift; sourceTree = "<group>"; };
		446A4A3922E207CC003D7D3E /* FakeMoyaProvider.swift */ = {isa = PBXFileReference; lastKnownFileType = sourcecode.swift; path = FakeMoyaProvider.swift; sourceTree = "<group>"; };
		446A4A3C22E20D07003D7D3E /* MovieList.json */ = {isa = PBXFileReference; lastKnownFileType = text.json; path = MovieList.json; sourceTree = "<group>"; };
		446A4A3E22E20D5E003D7D3E /* ResponseLoaded.swift */ = {isa = PBXFileReference; lastKnownFileType = sourcecode.swift; path = ResponseLoaded.swift; sourceTree = "<group>"; };
		446A4A4022E20F21003D7D3E /* AllMovieViewModelSpec.swift */ = {isa = PBXFileReference; lastKnownFileType = sourcecode.swift; path = AllMovieViewModelSpec.swift; sourceTree = "<group>"; };
		44F81FE722DB25E500A85F94 /* Moviebuff.app */ = {isa = PBXFileReference; explicitFileType = wrapper.application; includeInIndex = 0; path = Moviebuff.app; sourceTree = BUILT_PRODUCTS_DIR; };
		44F81FEA22DB25E500A85F94 /* AppDelegate.swift */ = {isa = PBXFileReference; lastKnownFileType = sourcecode.swift; path = AppDelegate.swift; sourceTree = "<group>"; };
		44F81FEC22DB25E500A85F94 /* StartViewController.swift */ = {isa = PBXFileReference; lastKnownFileType = sourcecode.swift; path = StartViewController.swift; sourceTree = "<group>"; };
		44F81FEF22DB25E500A85F94 /* Base */ = {isa = PBXFileReference; lastKnownFileType = file.storyboard; name = Base; path = Base.lproj/StartViewController.storyboard; sourceTree = "<group>"; };
		44F81FF122DB25E600A85F94 /* Assets.xcassets */ = {isa = PBXFileReference; lastKnownFileType = folder.assetcatalog; path = Assets.xcassets; sourceTree = "<group>"; };
		44F81FF422DB25E600A85F94 /* Base */ = {isa = PBXFileReference; lastKnownFileType = file.storyboard; name = Base; path = Base.lproj/LaunchScreen.storyboard; sourceTree = "<group>"; };
		44F81FF622DB25E600A85F94 /* Info.plist */ = {isa = PBXFileReference; lastKnownFileType = text.plist.xml; path = Info.plist; sourceTree = "<group>"; };
		44F81FFB22DB25E700A85F94 /* MoviebuffTests.xctest */ = {isa = PBXFileReference; explicitFileType = wrapper.cfbundle; includeInIndex = 0; path = MoviebuffTests.xctest; sourceTree = BUILT_PRODUCTS_DIR; };
		44F81FFF22DB25E700A85F94 /* MovieViewModelCoordinatorSpec.swift */ = {isa = PBXFileReference; lastKnownFileType = sourcecode.swift; path = MovieViewModelCoordinatorSpec.swift; sourceTree = "<group>"; };
		44F8200122DB25E700A85F94 /* Info.plist */ = {isa = PBXFileReference; lastKnownFileType = text.plist.xml; path = Info.plist; sourceTree = "<group>"; };
		44F8200622DB25E700A85F94 /* MoviebuffUITests.xctest */ = {isa = PBXFileReference; explicitFileType = wrapper.cfbundle; includeInIndex = 0; path = MoviebuffUITests.xctest; sourceTree = BUILT_PRODUCTS_DIR; };
		44F8200A22DB25E700A85F94 /* MoviebuffUITests.swift */ = {isa = PBXFileReference; lastKnownFileType = sourcecode.swift; path = MoviebuffUITests.swift; sourceTree = "<group>"; };
		44F8200C22DB25E700A85F94 /* Info.plist */ = {isa = PBXFileReference; lastKnownFileType = text.plist.xml; path = Info.plist; sourceTree = "<group>"; };
		6F68532A3C3A5EE041308371 /* Pods-Moviebuff.debug.xcconfig */ = {isa = PBXFileReference; includeInIndex = 1; lastKnownFileType = text.xcconfig; name = "Pods-Moviebuff.debug.xcconfig"; path = "Pods/Target Support Files/Pods-Moviebuff/Pods-Moviebuff.debug.xcconfig"; sourceTree = "<group>"; };
		73932FFA5942D30C2C101527 /* Pods-MoviebuffUITests.release.xcconfig */ = {isa = PBXFileReference; includeInIndex = 1; lastKnownFileType = text.xcconfig; name = "Pods-MoviebuffUITests.release.xcconfig"; path = "Pods/Target Support Files/Pods-MoviebuffUITests/Pods-MoviebuffUITests.release.xcconfig"; sourceTree = "<group>"; };
		7C52D3238A2EFC41ECEC00E2 /* Pods_MoviebuffTests.framework */ = {isa = PBXFileReference; explicitFileType = wrapper.framework; includeInIndex = 0; path = Pods_MoviebuffTests.framework; sourceTree = BUILT_PRODUCTS_DIR; };
		7E3F69A706812B2147959FA1 /* Pods_Moviebuff.framework */ = {isa = PBXFileReference; explicitFileType = wrapper.framework; includeInIndex = 0; path = Pods_Moviebuff.framework; sourceTree = BUILT_PRODUCTS_DIR; };
		B21F46C30C4DD2FE67EEFBB6 /* Pods-MoviebuffTests.debug.xcconfig */ = {isa = PBXFileReference; includeInIndex = 1; lastKnownFileType = text.xcconfig; name = "Pods-MoviebuffTests.debug.xcconfig"; path = "Pods/Target Support Files/Pods-MoviebuffTests/Pods-MoviebuffTests.debug.xcconfig"; sourceTree = "<group>"; };
		E0383F68EB353E6D1582B372 /* Pods-Moviebuff.release.xcconfig */ = {isa = PBXFileReference; includeInIndex = 1; lastKnownFileType = text.xcconfig; name = "Pods-Moviebuff.release.xcconfig"; path = "Pods/Target Support Files/Pods-Moviebuff/Pods-Moviebuff.release.xcconfig"; sourceTree = "<group>"; };
/* End PBXFileReference section */

/* Begin PBXFrameworksBuildPhase section */
		44F81FE422DB25E500A85F94 /* Frameworks */ = {
			isa = PBXFrameworksBuildPhase;
			buildActionMask = 2147483647;
			files = (
				F2C4C84EBE5F48D7D813C3CE /* Pods_Moviebuff.framework in Frameworks */,
			);
			runOnlyForDeploymentPostprocessing = 0;
		};
		44F81FF822DB25E700A85F94 /* Frameworks */ = {
			isa = PBXFrameworksBuildPhase;
			buildActionMask = 2147483647;
			files = (
				B93B0A54200FDEE06FAB9F71 /* Pods_MoviebuffTests.framework in Frameworks */,
			);
			runOnlyForDeploymentPostprocessing = 0;
		};
		44F8200322DB25E700A85F94 /* Frameworks */ = {
			isa = PBXFrameworksBuildPhase;
			buildActionMask = 2147483647;
			files = (
				BD1405896D0C8ED52A7103BC /* Pods_MoviebuffUITests.framework in Frameworks */,
			);
			runOnlyForDeploymentPostprocessing = 0;
		};
/* End PBXFrameworksBuildPhase section */

/* Begin PBXGroup section */
		12C65680D8A59FDF93C3C987 /* Pods */ = {
			isa = PBXGroup;
			children = (
				6F68532A3C3A5EE041308371 /* Pods-Moviebuff.debug.xcconfig */,
				E0383F68EB353E6D1582B372 /* Pods-Moviebuff.release.xcconfig */,
				B21F46C30C4DD2FE67EEFBB6 /* Pods-MoviebuffTests.debug.xcconfig */,
				04957C2F99E8B22EDE025D68 /* Pods-MoviebuffTests.release.xcconfig */,
				080A22A7880108593D486AEE /* Pods-MoviebuffUITests.debug.xcconfig */,
				73932FFA5942D30C2C101527 /* Pods-MoviebuffUITests.release.xcconfig */,
			);
			name = Pods;
			sourceTree = "<group>";
		};
		446A4A2622E0C91E003D7D3E /* MovieService */ = {
			isa = PBXGroup;
			children = (
				446A4A2C22E0D60C003D7D3E /* MovieListModel.swift */,
				446A4A2022DF7848003D7D3E /* MovieTarget.swift */,
				446A4A2422DF802C003D7D3E /* MovieService.swift */,
			);
			path = MovieService;
			sourceTree = "<group>";
		};
		446A4A2722E0C94F003D7D3E /* MovieList */ = {
			isa = PBXGroup;
			children = (
				4456C7FE22DB664300334D30 /* AllMovieViewController.swift */,
				4456C80022DB665200334D30 /* AllMovieViewModel.swift */,
				4456C80222DB666600334D30 /* AllMovieViewController.storyboard */,
				446A4A2E22E0E5B4003D7D3E /* MovieTableViewCell.swift */,
				446A4A3422E0E82F003D7D3E /* MovieTableViewCell.xib */,
			);
			path = MovieList;
			sourceTree = "<group>";
		};
		446A4A2822E0C970003D7D3E /* SelectedMovie */ = {
			isa = PBXGroup;
			children = (
				446A4A1A22DF6AC5003D7D3E /* SelectedMovieViewController.swift */,
				446A4A1C22DF6AD2003D7D3E /* SelectedMovieViewModel.swift */,
				446A4A1E22DF6ADC003D7D3E /* SelectedMovieViewController.storyboard */,
			);
			path = SelectedMovie;
			sourceTree = "<group>";
		};
		446A4A2B22E0CD6F003D7D3E /* StartView */ = {
			isa = PBXGroup;
			children = (
				44F81FEC22DB25E500A85F94 /* StartViewController.swift */,
				4456C80822DB6E1700334D30 /* StartViewModel.swift */,
				44F81FEE22DB25E500A85F94 /* StartViewController.storyboard */,
			);
			path = StartView;
			sourceTree = "<group>";
		};
		446A4A3822E207BA003D7D3E /* FakeMoya */ = {
			isa = PBXGroup;
			children = (
				446A4A3922E207CC003D7D3E /* FakeMoyaProvider.swift */,
			);
			path = FakeMoya;
			sourceTree = "<group>";
		};
		446A4A3B22E20C7E003D7D3E /* MockData */ = {
			isa = PBXGroup;
			children = (
				446A4A3C22E20D07003D7D3E /* MovieList.json */,
				446A4A3E22E20D5E003D7D3E /* ResponseLoaded.swift */,
			);
			path = MockData;
			sourceTree = "<group>";
		};
		44F81FDE22DB25E500A85F94 = {
			isa = PBXGroup;
			children = (
				44F81FE922DB25E500A85F94 /* Moviebuff */,
				44F81FFE22DB25E700A85F94 /* MoviebuffTests */,
				44F8200922DB25E700A85F94 /* MoviebuffUITests */,
				44F81FE822DB25E500A85F94 /* Products */,
				12C65680D8A59FDF93C3C987 /* Pods */,
				624F6489BECEF146E1CFB5F7 /* Frameworks */,
			);
			sourceTree = "<group>";
		};
		44F81FE822DB25E500A85F94 /* Products */ = {
			isa = PBXGroup;
			children = (
				44F81FE722DB25E500A85F94 /* Moviebuff.app */,
				44F81FFB22DB25E700A85F94 /* MoviebuffTests.xctest */,
				44F8200622DB25E700A85F94 /* MoviebuffUITests.xctest */,
			);
			name = Products;
			sourceTree = "<group>";
		};
		44F81FE922DB25E500A85F94 /* Moviebuff */ = {
			isa = PBXGroup;
			children = (
				44F81FEA22DB25E500A85F94 /* AppDelegate.swift */,
				4456C80A22DB6EF600334D30 /* MainCoordinator.swift */,
				4456C80622DB6ADE00334D30 /* MovieViewModelCoordinator.swift */,
				445D7DED22DE0E09007FD491 /* NavigationHelpers.swift */,
				446A4A2B22E0CD6F003D7D3E /* StartView */,
				446A4A2722E0C94F003D7D3E /* MovieList */,
				446A4A2822E0C970003D7D3E /* SelectedMovie */,
				446A4A2622E0C91E003D7D3E /* MovieService */,
				446A4A3B22E20C7E003D7D3E /* MockData */,
				44F81FF122DB25E600A85F94 /* Assets.xcassets */,
				44F81FF322DB25E600A85F94 /* LaunchScreen.storyboard */,
				44F81FF622DB25E600A85F94 /* Info.plist */,
			);
			path = Moviebuff;
			sourceTree = "<group>";
		};
		44F81FFE22DB25E700A85F94 /* MoviebuffTests */ = {
			isa = PBXGroup;
			children = (
				446A4A3822E207BA003D7D3E /* FakeMoya */,
				44F81FFF22DB25E700A85F94 /* MovieViewModelCoordinatorSpec.swift */,
				445D7DF122DE1817007FD491 /* MainCoordinatorSpec.swift */,
				446A4A3222E0E611003D7D3E /* MovieTableViewCellSpec.swift */,
				446A4A2922E0CB26003D7D3E /* StartViewControllerSpec.swift */,
				446A4A3622E206AD003D7D3E /* StartViewModelSpec.swift */,
				446A4A4022E20F21003D7D3E /* AllMovieViewModelSpec.swift */,
				44F8200122DB25E700A85F94 /* Info.plist */,
			);
			path = MoviebuffTests;
			sourceTree = "<group>";
		};
		44F8200922DB25E700A85F94 /* MoviebuffUITests */ = {
			isa = PBXGroup;
			children = (
				44F8200A22DB25E700A85F94 /* MoviebuffUITests.swift */,
				44F8200C22DB25E700A85F94 /* Info.plist */,
			);
			path = MoviebuffUITests;
			sourceTree = "<group>";
		};
		624F6489BECEF146E1CFB5F7 /* Frameworks */ = {
			isa = PBXGroup;
			children = (
				7E3F69A706812B2147959FA1 /* Pods_Moviebuff.framework */,
				7C52D3238A2EFC41ECEC00E2 /* Pods_MoviebuffTests.framework */,
				03C4857B693E89772AD6640F /* Pods_MoviebuffUITests.framework */,
			);
			name = Frameworks;
			sourceTree = "<group>";
		};
/* End PBXGroup section */

/* Begin PBXNativeTarget section */
		44F81FE622DB25E500A85F94 /* Moviebuff */ = {
			isa = PBXNativeTarget;
			buildConfigurationList = 44F8200F22DB25E700A85F94 /* Build configuration list for PBXNativeTarget "Moviebuff" */;
			buildPhases = (
				062C5DFCC1D67BDC26F2AD8F /* [CP] Check Pods Manifest.lock */,
				44F81FE322DB25E500A85F94 /* Sources */,
				44F81FE422DB25E500A85F94 /* Frameworks */,
				44F81FE522DB25E500A85F94 /* Resources */,
				8D46178076AC5F043480DF21 /* [CP] Embed Pods Frameworks */,
			);
			buildRules = (
			);
			dependencies = (
			);
			name = Moviebuff;
			productName = Moviebuff;
			productReference = 44F81FE722DB25E500A85F94 /* Moviebuff.app */;
			productType = "com.apple.product-type.application";
		};
		44F81FFA22DB25E700A85F94 /* MoviebuffTests */ = {
			isa = PBXNativeTarget;
			buildConfigurationList = 44F8201222DB25E700A85F94 /* Build configuration list for PBXNativeTarget "MoviebuffTests" */;
			buildPhases = (
				FFD684F94EE4CBA81A2257E5 /* [CP] Check Pods Manifest.lock */,
				44F81FF722DB25E700A85F94 /* Sources */,
				44F81FF822DB25E700A85F94 /* Frameworks */,
				44F81FF922DB25E700A85F94 /* Resources */,
				93014FE3CC08CEA871CFC32B /* [CP] Embed Pods Frameworks */,
			);
			buildRules = (
			);
			dependencies = (
				44F81FFD22DB25E700A85F94 /* PBXTargetDependency */,
			);
			name = MoviebuffTests;
			productName = MoviebuffTests;
			productReference = 44F81FFB22DB25E700A85F94 /* MoviebuffTests.xctest */;
			productType = "com.apple.product-type.bundle.unit-test";
		};
		44F8200522DB25E700A85F94 /* MoviebuffUITests */ = {
			isa = PBXNativeTarget;
			buildConfigurationList = 44F8201522DB25E700A85F94 /* Build configuration list for PBXNativeTarget "MoviebuffUITests" */;
			buildPhases = (
				494EE44D05E37736FC9B80B8 /* [CP] Check Pods Manifest.lock */,
				44F8200222DB25E700A85F94 /* Sources */,
				44F8200322DB25E700A85F94 /* Frameworks */,
				44F8200422DB25E700A85F94 /* Resources */,
			);
			buildRules = (
			);
			dependencies = (
				44F8200822DB25E700A85F94 /* PBXTargetDependency */,
			);
			name = MoviebuffUITests;
			productName = MoviebuffUITests;
			productReference = 44F8200622DB25E700A85F94 /* MoviebuffUITests.xctest */;
			productType = "com.apple.product-type.bundle.ui-testing";
		};
/* End PBXNativeTarget section */

/* Begin PBXProject section */
		44F81FDF22DB25E500A85F94 /* Project object */ = {
			isa = PBXProject;
			attributes = {
				LastSwiftUpdateCheck = 1020;
				LastUpgradeCheck = 1020;
				ORGANIZATIONNAME = "Dushyant Singh";
				TargetAttributes = {
					44F81FE622DB25E500A85F94 = {
						CreatedOnToolsVersion = 10.2.1;
					};
					44F81FFA22DB25E700A85F94 = {
						CreatedOnToolsVersion = 10.2.1;
						TestTargetID = 44F81FE622DB25E500A85F94;
					};
					44F8200522DB25E700A85F94 = {
						CreatedOnToolsVersion = 10.2.1;
						TestTargetID = 44F81FE622DB25E500A85F94;
					};
				};
			};
			buildConfigurationList = 44F81FE222DB25E500A85F94 /* Build configuration list for PBXProject "Moviebuff" */;
			compatibilityVersion = "Xcode 9.3";
			developmentRegion = en;
			hasScannedForEncodings = 0;
			knownRegions = (
				en,
				Base,
			);
			mainGroup = 44F81FDE22DB25E500A85F94;
			productRefGroup = 44F81FE822DB25E500A85F94 /* Products */;
			projectDirPath = "";
			projectRoot = "";
			targets = (
				44F81FE622DB25E500A85F94 /* Moviebuff */,
				44F81FFA22DB25E700A85F94 /* MoviebuffTests */,
				44F8200522DB25E700A85F94 /* MoviebuffUITests */,
			);
		};
/* End PBXProject section */

/* Begin PBXResourcesBuildPhase section */
		44F81FE522DB25E500A85F94 /* Resources */ = {
			isa = PBXResourcesBuildPhase;
			buildActionMask = 2147483647;
			files = (
				4456C80322DB666600334D30 /* AllMovieViewController.storyboard in Resources */,
				446A4A3D22E20D07003D7D3E /* MovieList.json in Resources */,
				446A4A1F22DF6ADC003D7D3E /* SelectedMovieViewController.storyboard in Resources */,
				446A4A3522E0F096003D7D3E /* MovieTableViewCell.xib in Resources */,
				44F81FF522DB25E600A85F94 /* LaunchScreen.storyboard in Resources */,
				44F81FF222DB25E600A85F94 /* Assets.xcassets in Resources */,
				44F81FF022DB25E500A85F94 /* StartViewController.storyboard in Resources */,
			);
			runOnlyForDeploymentPostprocessing = 0;
		};
		44F81FF922DB25E700A85F94 /* Resources */ = {
			isa = PBXResourcesBuildPhase;
			buildActionMask = 2147483647;
			files = (
			);
			runOnlyForDeploymentPostprocessing = 0;
		};
		44F8200422DB25E700A85F94 /* Resources */ = {
			isa = PBXResourcesBuildPhase;
			buildActionMask = 2147483647;
			files = (
			);
			runOnlyForDeploymentPostprocessing = 0;
		};
/* End PBXResourcesBuildPhase section */

/* Begin PBXShellScriptBuildPhase section */
		062C5DFCC1D67BDC26F2AD8F /* [CP] Check Pods Manifest.lock */ = {
			isa = PBXShellScriptBuildPhase;
			buildActionMask = 2147483647;
			files = (
			);
			inputPaths = (
				"${PODS_PODFILE_DIR_PATH}/Podfile.lock",
				"${PODS_ROOT}/Manifest.lock",
			);
			name = "[CP] Check Pods Manifest.lock";
			outputPaths = (
				"$(DERIVED_FILE_DIR)/Pods-Moviebuff-checkManifestLockResult.txt",
			);
			runOnlyForDeploymentPostprocessing = 0;
			shellPath = /bin/sh;
			shellScript = "diff \"${PODS_PODFILE_DIR_PATH}/Podfile.lock\" \"${PODS_ROOT}/Manifest.lock\" > /dev/null\nif [ $? != 0 ] ; then\n    # print error to STDERR\n    echo \"error: The sandbox is not in sync with the Podfile.lock. Run 'pod install' or update your CocoaPods installation.\" >&2\n    exit 1\nfi\n# This output is used by Xcode 'outputs' to avoid re-running this script phase.\necho \"SUCCESS\" > \"${SCRIPT_OUTPUT_FILE_0}\"\n";
			showEnvVarsInLog = 0;
		};
		494EE44D05E37736FC9B80B8 /* [CP] Check Pods Manifest.lock */ = {
			isa = PBXShellScriptBuildPhase;
			buildActionMask = 2147483647;
			files = (
			);
			inputPaths = (
				"${PODS_PODFILE_DIR_PATH}/Podfile.lock",
				"${PODS_ROOT}/Manifest.lock",
			);
			name = "[CP] Check Pods Manifest.lock";
			outputPaths = (
				"$(DERIVED_FILE_DIR)/Pods-MoviebuffUITests-checkManifestLockResult.txt",
			);
			runOnlyForDeploymentPostprocessing = 0;
			shellPath = /bin/sh;
			shellScript = "diff \"${PODS_PODFILE_DIR_PATH}/Podfile.lock\" \"${PODS_ROOT}/Manifest.lock\" > /dev/null\nif [ $? != 0 ] ; then\n    # print error to STDERR\n    echo \"error: The sandbox is not in sync with the Podfile.lock. Run 'pod install' or update your CocoaPods installation.\" >&2\n    exit 1\nfi\n# This output is used by Xcode 'outputs' to avoid re-running this script phase.\necho \"SUCCESS\" > \"${SCRIPT_OUTPUT_FILE_0}\"\n";
			showEnvVarsInLog = 0;
		};
		8D46178076AC5F043480DF21 /* [CP] Embed Pods Frameworks */ = {
			isa = PBXShellScriptBuildPhase;
			buildActionMask = 2147483647;
			files = (
			);
			inputFileListPaths = (
				"${PODS_ROOT}/Target Support Files/Pods-Moviebuff/Pods-Moviebuff-frameworks-${CONFIGURATION}-input-files.xcfilelist",
			);
			name = "[CP] Embed Pods Frameworks";
			outputFileListPaths = (
				"${PODS_ROOT}/Target Support Files/Pods-Moviebuff/Pods-Moviebuff-frameworks-${CONFIGURATION}-output-files.xcfilelist",
			);
			runOnlyForDeploymentPostprocessing = 0;
			shellPath = /bin/sh;
			shellScript = "\"${PODS_ROOT}/Target Support Files/Pods-Moviebuff/Pods-Moviebuff-frameworks.sh\"\n";
			showEnvVarsInLog = 0;
		};
		93014FE3CC08CEA871CFC32B /* [CP] Embed Pods Frameworks */ = {
			isa = PBXShellScriptBuildPhase;
			buildActionMask = 2147483647;
			files = (
			);
			inputFileListPaths = (
				"${PODS_ROOT}/Target Support Files/Pods-MoviebuffTests/Pods-MoviebuffTests-frameworks-${CONFIGURATION}-input-files.xcfilelist",
			);
			name = "[CP] Embed Pods Frameworks";
			outputFileListPaths = (
				"${PODS_ROOT}/Target Support Files/Pods-MoviebuffTests/Pods-MoviebuffTests-frameworks-${CONFIGURATION}-output-files.xcfilelist",
			);
			runOnlyForDeploymentPostprocessing = 0;
			shellPath = /bin/sh;
			shellScript = "\"${PODS_ROOT}/Target Support Files/Pods-MoviebuffTests/Pods-MoviebuffTests-frameworks.sh\"\n";
			showEnvVarsInLog = 0;
		};
		FFD684F94EE4CBA81A2257E5 /* [CP] Check Pods Manifest.lock */ = {
			isa = PBXShellScriptBuildPhase;
			buildActionMask = 2147483647;
			files = (
			);
			inputPaths = (
				"${PODS_PODFILE_DIR_PATH}/Podfile.lock",
				"${PODS_ROOT}/Manifest.lock",
			);
			name = "[CP] Check Pods Manifest.lock";
			outputPaths = (
				"$(DERIVED_FILE_DIR)/Pods-MoviebuffTests-checkManifestLockResult.txt",
			);
			runOnlyForDeploymentPostprocessing = 0;
			shellPath = /bin/sh;
			shellScript = "diff \"${PODS_PODFILE_DIR_PATH}/Podfile.lock\" \"${PODS_ROOT}/Manifest.lock\" > /dev/null\nif [ $? != 0 ] ; then\n    # print error to STDERR\n    echo \"error: The sandbox is not in sync with the Podfile.lock. Run 'pod install' or update your CocoaPods installation.\" >&2\n    exit 1\nfi\n# This output is used by Xcode 'outputs' to avoid re-running this script phase.\necho \"SUCCESS\" > \"${SCRIPT_OUTPUT_FILE_0}\"\n";
			showEnvVarsInLog = 0;
		};
/* End PBXShellScriptBuildPhase section */

/* Begin PBXSourcesBuildPhase section */
		44F81FE322DB25E500A85F94 /* Sources */ = {
			isa = PBXSourcesBuildPhase;
			buildActionMask = 2147483647;
			files = (
				446A4A2D22E0D60C003D7D3E /* MovieListModel.swift in Sources */,
				446A4A1D22DF6AD2003D7D3E /* SelectedMovieViewModel.swift in Sources */,
				446A4A2F22E0E5B4003D7D3E /* MovieTableViewCell.swift in Sources */,
				44F81FED22DB25E500A85F94 /* StartViewController.swift in Sources */,
				446A4A2122DF7848003D7D3E /* MovieTarget.swift in Sources */,
				4456C80B22DB6EF600334D30 /* MainCoordinator.swift in Sources */,
				4456C80922DB6E1700334D30 /* StartViewModel.swift in Sources */,
				44F81FEB22DB25E500A85F94 /* AppDelegate.swift in Sources */,
				446A4A3F22E20D5E003D7D3E /* ResponseLoaded.swift in Sources */,
				446A4A2522DF802D003D7D3E /* MovieService.swift in Sources */,
				4456C7FF22DB664300334D30 /* AllMovieViewController.swift in Sources */,
				445D7DEE22DE0E09007FD491 /* NavigationHelpers.swift in Sources */,
				4456C80122DB665200334D30 /* AllMovieViewModel.swift in Sources */,
				4456C80722DB6ADE00334D30 /* MovieViewModelCoordinator.swift in Sources */,
				446A4A1B22DF6AC5003D7D3E /* SelectedMovieViewController.swift in Sources */,
			);
			runOnlyForDeploymentPostprocessing = 0;
		};
		44F81FF722DB25E700A85F94 /* Sources */ = {
			isa = PBXSourcesBuildPhase;
			buildActionMask = 2147483647;
			files = (
				446A4A2A22E0CB26003D7D3E /* StartViewControllerSpec.swift in Sources */,
				445D7DF222DE1817007FD491 /* MainCoordinatorSpec.swift in Sources */,
				446A4A3722E206AD003D7D3E /* StartViewModelSpec.swift in Sources */,
				446A4A3A22E207CC003D7D3E /* FakeMoyaProvider.swift in Sources */,
				446A4A3322E0E611003D7D3E /* MovieTableViewCellSpec.swift in Sources */,
				44F8200022DB25E700A85F94 /* MovieViewModelCoordinatorSpec.swift in Sources */,
				446A4A4122E20F21003D7D3E /* AllMovieViewModelSpec.swift in Sources */,
			);
			runOnlyForDeploymentPostprocessing = 0;
		};
		44F8200222DB25E700A85F94 /* Sources */ = {
			isa = PBXSourcesBuildPhase;
			buildActionMask = 2147483647;
			files = (
				44F8200B22DB25E700A85F94 /* MoviebuffUITests.swift in Sources */,
			);
			runOnlyForDeploymentPostprocessing = 0;
		};
/* End PBXSourcesBuildPhase section */

/* Begin PBXTargetDependency section */
		44F81FFD22DB25E700A85F94 /* PBXTargetDependency */ = {
			isa = PBXTargetDependency;
			target = 44F81FE622DB25E500A85F94 /* Moviebuff */;
			targetProxy = 44F81FFC22DB25E700A85F94 /* PBXContainerItemProxy */;
		};
		44F8200822DB25E700A85F94 /* PBXTargetDependency */ = {
			isa = PBXTargetDependency;
			target = 44F81FE622DB25E500A85F94 /* Moviebuff */;
			targetProxy = 44F8200722DB25E700A85F94 /* PBXContainerItemProxy */;
		};
/* End PBXTargetDependency section */

/* Begin PBXVariantGroup section */
		44F81FEE22DB25E500A85F94 /* StartViewController.storyboard */ = {
			isa = PBXVariantGroup;
			children = (
				44F81FEF22DB25E500A85F94 /* Base */,
			);
			name = StartViewController.storyboard;
			sourceTree = "<group>";
		};
		44F81FF322DB25E600A85F94 /* LaunchScreen.storyboard */ = {
			isa = PBXVariantGroup;
			children = (
				44F81FF422DB25E600A85F94 /* Base */,
			);
			name = LaunchScreen.storyboard;
			sourceTree = "<group>";
		};
/* End PBXVariantGroup section */

/* Begin XCBuildConfiguration section */
		44F8200D22DB25E700A85F94 /* Debug */ = {
			isa = XCBuildConfiguration;
			buildSettings = {
				ALWAYS_SEARCH_USER_PATHS = NO;
				CLANG_ANALYZER_NONNULL = YES;
				CLANG_ANALYZER_NUMBER_OBJECT_CONVERSION = YES_AGGRESSIVE;
				CLANG_CXX_LANGUAGE_STANDARD = "gnu++14";
				CLANG_CXX_LIBRARY = "libc++";
				CLANG_ENABLE_MODULES = YES;
				CLANG_ENABLE_OBJC_ARC = YES;
				CLANG_ENABLE_OBJC_WEAK = YES;
				CLANG_WARN_BLOCK_CAPTURE_AUTORELEASING = YES;
				CLANG_WARN_BOOL_CONVERSION = YES;
				CLANG_WARN_COMMA = YES;
				CLANG_WARN_CONSTANT_CONVERSION = YES;
				CLANG_WARN_DEPRECATED_OBJC_IMPLEMENTATIONS = YES;
				CLANG_WARN_DIRECT_OBJC_ISA_USAGE = YES_ERROR;
				CLANG_WARN_DOCUMENTATION_COMMENTS = YES;
				CLANG_WARN_EMPTY_BODY = YES;
				CLANG_WARN_ENUM_CONVERSION = YES;
				CLANG_WARN_INFINITE_RECURSION = YES;
				CLANG_WARN_INT_CONVERSION = YES;
				CLANG_WARN_NON_LITERAL_NULL_CONVERSION = YES;
				CLANG_WARN_OBJC_IMPLICIT_RETAIN_SELF = YES;
				CLANG_WARN_OBJC_LITERAL_CONVERSION = YES;
				CLANG_WARN_OBJC_ROOT_CLASS = YES_ERROR;
				CLANG_WARN_RANGE_LOOP_ANALYSIS = YES;
				CLANG_WARN_STRICT_PROTOTYPES = YES;
				CLANG_WARN_SUSPICIOUS_MOVE = YES;
				CLANG_WARN_UNGUARDED_AVAILABILITY = YES_AGGRESSIVE;
				CLANG_WARN_UNREACHABLE_CODE = YES;
				CLANG_WARN__DUPLICATE_METHOD_MATCH = YES;
				CODE_SIGN_IDENTITY = "iPhone Developer";
				COPY_PHASE_STRIP = NO;
				DEBUG_INFORMATION_FORMAT = dwarf;
				ENABLE_STRICT_OBJC_MSGSEND = YES;
				ENABLE_TESTABILITY = YES;
				GCC_C_LANGUAGE_STANDARD = gnu11;
				GCC_DYNAMIC_NO_PIC = NO;
				GCC_NO_COMMON_BLOCKS = YES;
				GCC_OPTIMIZATION_LEVEL = 0;
				GCC_PREPROCESSOR_DEFINITIONS = (
					"DEBUG=1",
					"$(inherited)",
				);
				GCC_WARN_64_TO_32_BIT_CONVERSION = YES;
				GCC_WARN_ABOUT_RETURN_TYPE = YES_ERROR;
				GCC_WARN_UNDECLARED_SELECTOR = YES;
				GCC_WARN_UNINITIALIZED_AUTOS = YES_AGGRESSIVE;
				GCC_WARN_UNUSED_FUNCTION = YES;
				GCC_WARN_UNUSED_VARIABLE = YES;
				IPHONEOS_DEPLOYMENT_TARGET = 12.2;
				MTL_ENABLE_DEBUG_INFO = INCLUDE_SOURCE;
				MTL_FAST_MATH = YES;
				ONLY_ACTIVE_ARCH = YES;
				SDKROOT = iphoneos;
				SWIFT_ACTIVE_COMPILATION_CONDITIONS = DEBUG;
				SWIFT_OPTIMIZATION_LEVEL = "-Onone";
			};
			name = Debug;
		};
		44F8200E22DB25E700A85F94 /* Release */ = {
			isa = XCBuildConfiguration;
			buildSettings = {
				ALWAYS_SEARCH_USER_PATHS = NO;
				CLANG_ANALYZER_NONNULL = YES;
				CLANG_ANALYZER_NUMBER_OBJECT_CONVERSION = YES_AGGRESSIVE;
				CLANG_CXX_LANGUAGE_STANDARD = "gnu++14";
				CLANG_CXX_LIBRARY = "libc++";
				CLANG_ENABLE_MODULES = YES;
				CLANG_ENABLE_OBJC_ARC = YES;
				CLANG_ENABLE_OBJC_WEAK = YES;
				CLANG_WARN_BLOCK_CAPTURE_AUTORELEASING = YES;
				CLANG_WARN_BOOL_CONVERSION = YES;
				CLANG_WARN_COMMA = YES;
				CLANG_WARN_CONSTANT_CONVERSION = YES;
				CLANG_WARN_DEPRECATED_OBJC_IMPLEMENTATIONS = YES;
				CLANG_WARN_DIRECT_OBJC_ISA_USAGE = YES_ERROR;
				CLANG_WARN_DOCUMENTATION_COMMENTS = YES;
				CLANG_WARN_EMPTY_BODY = YES;
				CLANG_WARN_ENUM_CONVERSION = YES;
				CLANG_WARN_INFINITE_RECURSION = YES;
				CLANG_WARN_INT_CONVERSION = YES;
				CLANG_WARN_NON_LITERAL_NULL_CONVERSION = YES;
				CLANG_WARN_OBJC_IMPLICIT_RETAIN_SELF = YES;
				CLANG_WARN_OBJC_LITERAL_CONVERSION = YES;
				CLANG_WARN_OBJC_ROOT_CLASS = YES_ERROR;
				CLANG_WARN_RANGE_LOOP_ANALYSIS = YES;
				CLANG_WARN_STRICT_PROTOTYPES = YES;
				CLANG_WARN_SUSPICIOUS_MOVE = YES;
				CLANG_WARN_UNGUARDED_AVAILABILITY = YES_AGGRESSIVE;
				CLANG_WARN_UNREACHABLE_CODE = YES;
				CLANG_WARN__DUPLICATE_METHOD_MATCH = YES;
				CODE_SIGN_IDENTITY = "iPhone Developer";
				COPY_PHASE_STRIP = NO;
				DEBUG_INFORMATION_FORMAT = "dwarf-with-dsym";
				ENABLE_NS_ASSERTIONS = NO;
				ENABLE_STRICT_OBJC_MSGSEND = YES;
				GCC_C_LANGUAGE_STANDARD = gnu11;
				GCC_NO_COMMON_BLOCKS = YES;
				GCC_WARN_64_TO_32_BIT_CONVERSION = YES;
				GCC_WARN_ABOUT_RETURN_TYPE = YES_ERROR;
				GCC_WARN_UNDECLARED_SELECTOR = YES;
				GCC_WARN_UNINITIALIZED_AUTOS = YES_AGGRESSIVE;
				GCC_WARN_UNUSED_FUNCTION = YES;
				GCC_WARN_UNUSED_VARIABLE = YES;
				IPHONEOS_DEPLOYMENT_TARGET = 12.2;
				MTL_ENABLE_DEBUG_INFO = NO;
				MTL_FAST_MATH = YES;
				SDKROOT = iphoneos;
				SWIFT_COMPILATION_MODE = wholemodule;
				SWIFT_OPTIMIZATION_LEVEL = "-O";
				VALIDATE_PRODUCT = YES;
			};
			name = Release;
		};
		44F8201022DB25E700A85F94 /* Debug */ = {
			isa = XCBuildConfiguration;
			baseConfigurationReference = 6F68532A3C3A5EE041308371 /* Pods-Moviebuff.debug.xcconfig */;
			buildSettings = {
				ASSETCATALOG_COMPILER_APPICON_NAME = AppIcon;
				CODE_SIGN_STYLE = Automatic;
				INFOPLIST_FILE = Moviebuff/Info.plist;
				LD_RUNPATH_SEARCH_PATHS = (
					"$(inherited)",
					"@executable_path/Frameworks",
				);
				PRODUCT_BUNDLE_IDENTIFIER = com.Moviebuff;
				PRODUCT_NAME = "$(TARGET_NAME)";
				SWIFT_VERSION = 5.0;
				TARGETED_DEVICE_FAMILY = "1,2";
			};
			name = Debug;
		};
		44F8201122DB25E700A85F94 /* Release */ = {
			isa = XCBuildConfiguration;
			baseConfigurationReference = E0383F68EB353E6D1582B372 /* Pods-Moviebuff.release.xcconfig */;
			buildSettings = {
				ASSETCATALOG_COMPILER_APPICON_NAME = AppIcon;
				CODE_SIGN_STYLE = Automatic;
				INFOPLIST_FILE = Moviebuff/Info.plist;
				LD_RUNPATH_SEARCH_PATHS = (
					"$(inherited)",
					"@executable_path/Frameworks",
				);
				PRODUCT_BUNDLE_IDENTIFIER = com.Moviebuff;
				PRODUCT_NAME = "$(TARGET_NAME)";
				SWIFT_VERSION = 5.0;
				TARGETED_DEVICE_FAMILY = "1,2";
			};
			name = Release;
		};
		44F8201322DB25E700A85F94 /* Debug */ = {
			isa = XCBuildConfiguration;
			baseConfigurationReference = B21F46C30C4DD2FE67EEFBB6 /* Pods-MoviebuffTests.debug.xcconfig */;
			buildSettings = {
				ALWAYS_EMBED_SWIFT_STANDARD_LIBRARIES = YES;
				BUNDLE_LOADER = "$(TEST_HOST)";
				CODE_SIGN_STYLE = Automatic;
				INFOPLIST_FILE = MoviebuffTests/Info.plist;
				LD_RUNPATH_SEARCH_PATHS = (
					"$(inherited)",
					"@executable_path/Frameworks",
					"@loader_path/Frameworks",
				);
				PRODUCT_BUNDLE_IDENTIFIER = com.MoviebuffTests;
				PRODUCT_NAME = "$(TARGET_NAME)";
				SWIFT_VERSION = 5.0;
				TARGETED_DEVICE_FAMILY = "1,2";
				TEST_HOST = "$(BUILT_PRODUCTS_DIR)/Moviebuff.app/Moviebuff";
			};
			name = Debug;
		};
		44F8201422DB25E700A85F94 /* Release */ = {
			isa = XCBuildConfiguration;
			baseConfigurationReference = 04957C2F99E8B22EDE025D68 /* Pods-MoviebuffTests.release.xcconfig */;
			buildSettings = {
				ALWAYS_EMBED_SWIFT_STANDARD_LIBRARIES = YES;
				BUNDLE_LOADER = "$(TEST_HOST)";
				CODE_SIGN_STYLE = Automatic;
				INFOPLIST_FILE = MoviebuffTests/Info.plist;
				LD_RUNPATH_SEARCH_PATHS = (
					"$(inherited)",
					"@executable_path/Frameworks",
					"@loader_path/Frameworks",
				);
				PRODUCT_BUNDLE_IDENTIFIER = com.MoviebuffTests;
				PRODUCT_NAME = "$(TARGET_NAME)";
				SWIFT_VERSION = 5.0;
				TARGETED_DEVICE_FAMILY = "1,2";
				TEST_HOST = "$(BUILT_PRODUCTS_DIR)/Moviebuff.app/Moviebuff";
			};
			name = Release;
		};
		44F8201622DB25E700A85F94 /* Debug */ = {
			isa = XCBuildConfiguration;
			baseConfigurationReference = 080A22A7880108593D486AEE /* Pods-MoviebuffUITests.debug.xcconfig */;
			buildSettings = {
				ALWAYS_EMBED_SWIFT_STANDARD_LIBRARIES = YES;
				CODE_SIGN_STYLE = Automatic;
				INFOPLIST_FILE = MoviebuffUITests/Info.plist;
				LD_RUNPATH_SEARCH_PATHS = (
					"$(inherited)",
					"@executable_path/Frameworks",
					"@loader_path/Frameworks",
				);
				PRODUCT_BUNDLE_IDENTIFIER = com.MoviebuffUITests;
				PRODUCT_NAME = "$(TARGET_NAME)";
				SWIFT_VERSION = 5.0;
				TARGETED_DEVICE_FAMILY = "1,2";
				TEST_TARGET_NAME = Moviebuff;
			};
			name = Debug;
		};
		44F8201722DB25E700A85F94 /* Release */ = {
			isa = XCBuildConfiguration;
			baseConfigurationReference = 73932FFA5942D30C2C101527 /* Pods-MoviebuffUITests.release.xcconfig */;
			buildSettings = {
				ALWAYS_EMBED_SWIFT_STANDARD_LIBRARIES = YES;
				CODE_SIGN_STYLE = Automatic;
				INFOPLIST_FILE = MoviebuffUITests/Info.plist;
				LD_RUNPATH_SEARCH_PATHS = (
					"$(inherited)",
					"@executable_path/Frameworks",
					"@loader_path/Frameworks",
				);
				PRODUCT_BUNDLE_IDENTIFIER = com.MoviebuffUITests;
				PRODUCT_NAME = "$(TARGET_NAME)";
				SWIFT_VERSION = 5.0;
				TARGETED_DEVICE_FAMILY = "1,2";
				TEST_TARGET_NAME = Moviebuff;
			};
			name = Release;
		};
/* End XCBuildConfiguration section */

/* Begin XCConfigurationList section */
		44F81FE222DB25E500A85F94 /* Build configuration list for PBXProject "Moviebuff" */ = {
			isa = XCConfigurationList;
			buildConfigurations = (
				44F8200D22DB25E700A85F94 /* Debug */,
				44F8200E22DB25E700A85F94 /* Release */,
			);
			defaultConfigurationIsVisible = 0;
			defaultConfigurationName = Release;
		};
		44F8200F22DB25E700A85F94 /* Build configuration list for PBXNativeTarget "Moviebuff" */ = {
			isa = XCConfigurationList;
			buildConfigurations = (
				44F8201022DB25E700A85F94 /* Debug */,
				44F8201122DB25E700A85F94 /* Release */,
			);
			defaultConfigurationIsVisible = 0;
			defaultConfigurationName = Release;
		};
		44F8201222DB25E700A85F94 /* Build configuration list for PBXNativeTarget "MoviebuffTests" */ = {
			isa = XCConfigurationList;
			buildConfigurations = (
				44F8201322DB25E700A85F94 /* Debug */,
				44F8201422DB25E700A85F94 /* Release */,
			);
			defaultConfigurationIsVisible = 0;
			defaultConfigurationName = Release;
		};
		44F8201522DB25E700A85F94 /* Build configuration list for PBXNativeTarget "MoviebuffUITests" */ = {
			isa = XCConfigurationList;
			buildConfigurations = (
				44F8201622DB25E700A85F94 /* Debug */,
				44F8201722DB25E700A85F94 /* Release */,
			);
			defaultConfigurationIsVisible = 0;
			defaultConfigurationName = Release;
		};
/* End XCConfigurationList section */
	};
	rootObject = 44F81FDF22DB25E500A85F94 /* Project object */;
}
